
Microsoft Visual Studio Solution File, Format Version 12.00
# Visual Studio Version 17
VisualStudioVersion = 17.2.32616.157
MinimumVisualStudioVersion = 10.0.40219.1
Project("{FAE04EC0-301F-11D3-BF4B-00C04F79EFBC}") = "Presentacion", "Presentacion\Presentacion.csproj", "{6DEB96F7-7B2B-446C-94A1-C205252C50C5}"
EndProject
Project("{FAE04EC0-301F-11D3-BF4B-00C04F79EFBC}") = "Modelo", "Modelo\Modelo.csproj", "{6178A9EF-FD09-450F-BB66-A1C0BB75C7C5}"
EndProject
Project("{FAE04EC0-301F-11D3-BF4B-00C04F79EFBC}") = "Negocio", "Negocio\Negocio.csproj", "{D27FE890-8DAE-4C12-89AD-1E1740F11B4A}"
EndProject
Project("{FAE04EC0-301F-11D3-BF4B-00C04F79EFBC}") = "AccesoDatos", "AccesoDatos\AccesoDatos.csproj", "{8BEF881C-8B37-42CA-8219-D246C623EAFF}"
EndProject
Project("{FAE04EC0-301F-11D3-BF4B-00C04F79EFBC}") = "Servicios", "Servicios\Servicios.csproj", "{997571DB-4342-4927-9A32-C0C771ABB915}"
EndProject
Global
	GlobalSection(SolutionConfigurationPlatforms) = preSolution
		Debug|Any CPU = Debug|Any CPU
		Release|Any CPU = Release|Any CPU
	EndGlobalSection
	GlobalSection(ProjectConfigurationPlatforms) = postSolution
		{6DEB96F7-7B2B-446C-94A1-C205252C50C5}.Debug|Any CPU.ActiveCfg = Debug|Any CPU
		{6DEB96F7-7B2B-446C-94A1-C205252C50C5}.Debug|Any CPU.Build.0 = Debug|Any CPU
		{6DEB96F7-7B2B-446C-94A1-C205252C50C5}.Release|Any CPU.ActiveCfg = Release|Any CPU
		{6DEB96F7-7B2B-446C-94A1-C205252C50C5}.Release|Any CPU.Build.0 = Release|Any CPU
		{6178A9EF-FD09-450F-BB66-A1C0BB75C7C5}.Debug|Any CPU.ActiveCfg = Debug|Any CPU
		{6178A9EF-FD09-450F-BB66-A1C0BB75C7C5}.Debug|Any CPU.Build.0 = Debug|Any CPU
		{6178A9EF-FD09-450F-BB66-A1C0BB75C7C5}.Release|Any CPU.ActiveCfg = Release|Any CPU
		{6178A9EF-FD09-450F-BB66-A1C0BB75C7C5}.Release|Any CPU.Build.0 = Release|Any CPU
		{D27FE890-8DAE-4C12-89AD-1E1740F11B4A}.Debug|Any CPU.ActiveCfg = Debug|Any CPU
		{D27FE890-8DAE-4C12-89AD-1E1740F11B4A}.Debug|Any CPU.Build.0 = Debug|Any CPU
		{D27FE890-8DAE-4C12-89AD-1E1740F11B4A}.Release|Any CPU.ActiveCfg = Release|Any CPU
		{D27FE890-8DAE-4C12-89AD-1E1740F11B4A}.Release|Any CPU.Build.0 = Release|Any CPU
		{8BEF881C-8B37-42CA-8219-D246C623EAFF}.Debug|Any CPU.ActiveCfg = Debug|Any CPU
		{8BEF881C-8B37-42CA-8219-D246C623EAFF}.Debug|Any CPU.Build.0 = Debug|Any CPU
		{8BEF881C-8B37-42CA-8219-D246C623EAFF}.Release|Any CPU.ActiveCfg = Release|Any CPU
		{8BEF881C-8B37-42CA-8219-D246C623EAFF}.Release|Any CPU.Build.0 = Release|Any CPU
		{997571DB-4342-4927-9A32-C0C771ABB915}.Debug|Any CPU.ActiveCfg = Debug|Any CPU
		{997571DB-4342-4927-9A32-C0C771ABB915}.Debug|Any CPU.Build.0 = Debug|Any CPU
		{997571DB-4342-4927-9A32-C0C771ABB915}.Release|Any CPU.ActiveCfg = Release|Any CPU
		{997571DB-4342-4927-9A32-C0C771ABB915}.Release|Any CPU.Build.0 = Release|Any CPU
	EndGlobalSection
	GlobalSection(SolutionProperties) = preSolution
		HideSolutionNode = FALSE
	EndGlobalSection
	GlobalSection(ExtensibilityGlobals) = postSolution
		SolutionGuid = {41ACBD26-8A20-497D-AE5B-2E94231C0573}
	EndGlobalSection
EndGlobal
